
Microsoft Visual Studio Solution File, Format Version 12.00
# Visual Studio Version 17
VisualStudioVersion = 17.3.32901.215
MinimumVisualStudioVersion = 10.0.40219.1
Project("{FAE04EC0-301F-11D3-BF4B-00C04F79EFBC}") = "FormRakendusteLoomine2", "FormRakendusteLoomine2\FormRakendusteLoomine2.csproj", "{2DCE8013-9775-4A2D-B6F1-583CC57063DC}"
EndProject
Global
	GlobalSection(SolutionConfigurationPlatforms) = preSolution
		Debug|Any CPU = Debug|Any CPU
		Release|Any CPU = Release|Any CPU
	EndGlobalSection
	GlobalSection(ProjectConfigurationPlatforms) = postSolution
		{2DCE8013-9775-4A2D-B6F1-583CC57063DC}.Debug|Any CPU.ActiveCfg = Debug|Any CPU
		{2DCE8013-9775-4A2D-B6F1-583CC57063DC}.Debug|Any CPU.Build.0 = Debug|Any CPU
		{2DCE8013-9775-4A2D-B6F1-583CC57063DC}.Release|Any CPU.ActiveCfg = Release|Any CPU
		{2DCE8013-9775-4A2D-B6F1-583CC57063DC}.Release|Any CPU.Build.0 = Release|Any CPU
	EndGlobalSection
	GlobalSection(SolutionProperties) = preSolution
		HideSolutionNode = FALSE
	EndGlobalSection
	GlobalSection(ExtensibilityGlobals) = postSolution
		SolutionGuid = {1D9EB7E4-734C-43A9-8AE4-F5FDEB67E990}
	EndGlobalSection
EndGlobal
